
Microsoft Visual Studio Solution File, Format Version 12.00
# Visual Studio Version 16
VisualStudioVersion = 16.0.30611.23
MinimumVisualStudioVersion = 10.0.40219.1
Project("{FAE04EC0-301F-11D3-BF4B-00C04F79EFBC}") = "Model", "Model\Model.csproj", "{B83243CA-8335-4689-A57A-3E933AE939EA}"
EndProject
Project("{E24C65DC-7377-472B-9ABA-BC803B73C61A}") = "Bios_Classifieds_WService", "Bios_Classifieds_WService\", "{FABD96B1-E9D9-4DAD-9E34-968A326E1D89}"
	ProjectSection(WebsiteProperties) = preProject
		TargetFrameworkMoniker = ".NETFramework,Version%3Dv4.6"
		ProjectReferences = "{b83243ca-8335-4689-a57a-3e933ae939ea}|Model.dll;"
		Debug.AspNetCompiler.VirtualPath = "/localhost_63419"
		Debug.AspNetCompiler.PhysicalPath = "Bios_Classifieds_WService\"
		Debug.AspNetCompiler.TargetPath = "PrecompiledWeb\localhost_63419\"
		Debug.AspNetCompiler.Updateable = "true"
		Debug.AspNetCompiler.ForceOverwrite = "true"
		Debug.AspNetCompiler.FixedNames = "false"
		Debug.AspNetCompiler.Debug = "True"
		Release.AspNetCompiler.VirtualPath = "/localhost_63419"
		Release.AspNetCompiler.PhysicalPath = "Bios_Classifieds_WService\"
		Release.AspNetCompiler.TargetPath = "PrecompiledWeb\localhost_63419\"
		Release.AspNetCompiler.Updateable = "true"
		Release.AspNetCompiler.ForceOverwrite = "true"
		Release.AspNetCompiler.FixedNames = "false"
		Release.AspNetCompiler.Debug = "False"
		VWDPort = "63419"
		SlnRelativePath = "Bios_Classifieds_WService\"
		DefaultWebSiteLanguage = "Visual C#"
	EndProjectSection
EndProject
Global
	GlobalSection(SolutionConfigurationPlatforms) = preSolution
		Debug|Any CPU = Debug|Any CPU
		Release|Any CPU = Release|Any CPU
	EndGlobalSection
	GlobalSection(ProjectConfigurationPlatforms) = postSolution
		{B83243CA-8335-4689-A57A-3E933AE939EA}.Debug|Any CPU.ActiveCfg = Debug|Any CPU
		{B83243CA-8335-4689-A57A-3E933AE939EA}.Debug|Any CPU.Build.0 = Debug|Any CPU
		{B83243CA-8335-4689-A57A-3E933AE939EA}.Release|Any CPU.ActiveCfg = Release|Any CPU
		{B83243CA-8335-4689-A57A-3E933AE939EA}.Release|Any CPU.Build.0 = Release|Any CPU
		{FABD96B1-E9D9-4DAD-9E34-968A326E1D89}.Debug|Any CPU.ActiveCfg = Debug|Any CPU
		{FABD96B1-E9D9-4DAD-9E34-968A326E1D89}.Debug|Any CPU.Build.0 = Debug|Any CPU
		{FABD96B1-E9D9-4DAD-9E34-968A326E1D89}.Release|Any CPU.ActiveCfg = Debug|Any CPU
		{FABD96B1-E9D9-4DAD-9E34-968A326E1D89}.Release|Any CPU.Build.0 = Debug|Any CPU
	EndGlobalSection
	GlobalSection(SolutionProperties) = preSolution
		HideSolutionNode = FALSE
	EndGlobalSection
	GlobalSection(ExtensibilityGlobals) = postSolution
		SolutionGuid = {E14FE1F9-2E79-4530-B290-B5FEE5075172}
	EndGlobalSection
EndGlobal
